
Microsoft Visual Studio Solution File, Format Version 12.00
# Visual Studio 2012
Project("{FAE04EC0-301F-11D3-BF4B-00C04F79EFBC}") = "sigeci-angelitos", "sigeci-angelitos\sigeci-angelitos.csproj", "{52B9D278-65C4-44C3-943B-1553731625EB}"
EndProject
Project("{6141683F-8A12-4E36-9623-2EB02B2C2303}") = "install1", "install1\install1.isproj", "{31191FCE-D7DC-4C35-9828-9412546D68CC}"
	ProjectSection(ProjectDependencies) = postProject
		{52B9D278-65C4-44C3-943B-1553731625EB} = {52B9D278-65C4-44C3-943B-1553731625EB}
	EndProjectSection
EndProject
Global
	GlobalSection(SubversionScc) = preSolution
		Svn-Managed = True
		Manager = AnkhSVN - Subversion Support for Visual Studio
	EndGlobalSection
	GlobalSection(SolutionConfigurationPlatforms) = preSolution
		CD_ROM|Any CPU = CD_ROM|Any CPU
		Debug|Any CPU = Debug|Any CPU
		DVD-5|Any CPU = DVD-5|Any CPU
		Release|Any CPU = Release|Any CPU
		SingleImage|Any CPU = SingleImage|Any CPU
	EndGlobalSection
	GlobalSection(ProjectConfigurationPlatforms) = postSolution
		{52B9D278-65C4-44C3-943B-1553731625EB}.CD_ROM|Any CPU.ActiveCfg = Release|Any CPU
		{52B9D278-65C4-44C3-943B-1553731625EB}.CD_ROM|Any CPU.Build.0 = Release|Any CPU
		{52B9D278-65C4-44C3-943B-1553731625EB}.Debug|Any CPU.ActiveCfg = Debug|Any CPU
		{52B9D278-65C4-44C3-943B-1553731625EB}.Debug|Any CPU.Build.0 = Debug|Any CPU
		{52B9D278-65C4-44C3-943B-1553731625EB}.DVD-5|Any CPU.ActiveCfg = Debug|Any CPU
		{52B9D278-65C4-44C3-943B-1553731625EB}.DVD-5|Any CPU.Build.0 = Debug|Any CPU
		{52B9D278-65C4-44C3-943B-1553731625EB}.Release|Any CPU.ActiveCfg = Release|Any CPU
		{52B9D278-65C4-44C3-943B-1553731625EB}.Release|Any CPU.Build.0 = Release|Any CPU
		{52B9D278-65C4-44C3-943B-1553731625EB}.SingleImage|Any CPU.ActiveCfg = Release|Any CPU
		{52B9D278-65C4-44C3-943B-1553731625EB}.SingleImage|Any CPU.Build.0 = Release|Any CPU
		{31191FCE-D7DC-4C35-9828-9412546D68CC}.CD_ROM|Any CPU.ActiveCfg = CD_ROM
		{31191FCE-D7DC-4C35-9828-9412546D68CC}.CD_ROM|Any CPU.Build.0 = CD_ROM
		{31191FCE-D7DC-4C35-9828-9412546D68CC}.Debug|Any CPU.ActiveCfg = DVD-5
		{31191FCE-D7DC-4C35-9828-9412546D68CC}.Debug|Any CPU.Build.0 = DVD-5
		{31191FCE-D7DC-4C35-9828-9412546D68CC}.DVD-5|Any CPU.ActiveCfg = DVD-5
		{31191FCE-D7DC-4C35-9828-9412546D68CC}.DVD-5|Any CPU.Build.0 = DVD-5
		{31191FCE-D7DC-4C35-9828-9412546D68CC}.Release|Any CPU.ActiveCfg = SingleImage
		{31191FCE-D7DC-4C35-9828-9412546D68CC}.Release|Any CPU.Build.0 = SingleImage
		{31191FCE-D7DC-4C35-9828-9412546D68CC}.SingleImage|Any CPU.ActiveCfg = SingleImage
		{31191FCE-D7DC-4C35-9828-9412546D68CC}.SingleImage|Any CPU.Build.0 = SingleImage
	EndGlobalSection
	GlobalSection(SolutionProperties) = preSolution
		HideSolutionNode = FALSE
	EndGlobalSection
EndGlobal
